lockfile_version: '1'
generated_at: '2026-09-02T13:32:41.933695+00:00'
apm_version: 0.28.0
dependencies:
- repo_url: cli/cli
  name: gh
  host: github.com
  resolved_commit: 5d3c4817f1619213951dbf15031bad04acb88392
  version: unknown
  virtual_path: skills/gh
  is_virtual: true
  package_type: claude_skill
  deployed_files:
  - .agents/skills/gh
  - .agents/skills/gh/SKILL.md
  - .claude/skills/gh
  - .claude/skills/gh/SKILL.md
  deployed_file_hashes:
    .agents/skills/gh/SKILL.md: sha256:cb3e3035ccade36b9e8a6c0a384f9d607c9954bd242d4c8097251b8b1e4c4985
    .claude/skills/gh/SKILL.md: sha256:cb3e3035ccade36b9e8a6c0a384f9d607c9954bd242d4c8097251b8b1e4c4985
  content_hash: sha256:1a427b5ebbee4133e4627d5b5eedb383ac57cc5e868cf209bb13e151959e4d67
- repo_url: dietrichgebert/ponytail
  materialization_repo_url: DietrichGebert/ponytail
  name: ponytail
  host: github.com
  resolved_commit: 2ed6c52c9d7e5e56942508591085fd45dea277d3
  version: unknown
  virtual_path: skills/ponytail
  is_virtual: true
  package_type: claude_skill
  deployed_files:
  - .agents/skills/ponytail
  - .agents/skills/ponytail/SKILL.md
  - .claude/skills/ponytail
  - .claude/skills/ponytail/SKILL.md
  deployed_file_hashes:
    .agents/skills/ponytail/SKILL.md: sha256:1316a2f3f95741d2300b116fe0c2d81ce4a9568656ed0a62643f54aaf09957f2
    .claude/skills/ponytail/SKILL.md: sha256:1316a2f3f95741d2300b116fe0c2d81ce4a9568656ed0a62643f54aaf09957f2
  content_hash: sha256:210fa0831f649ce9f8a305f7b7c8cf2a0dd09ac4dd53067109941b96e7811d4e
- repo_url: mattpocock/skills
  name: grill-me
  host: github.com
  resolved_commit: 5b15a47f2d7150f545fbcacbfe381787fc0230dc
  version: unknown
  virtual_path: skills/productivity/grill-me
  is_virtual: true
  package_type: claude_skill
  deployed_files:
  - .agents/skills/grill-me
  - .agents/skills/grill-me/SKILL.md
  - .agents/skills/grill-me/agents/openai.yaml
  - .claude/skills/grill-me
  - .claude/skills/grill-me/SKILL.md
  - .claude/skills/grill-me/agents/openai.yaml
  deployed_file_hashes:
    .agents/skills/grill-me/SKILL.md: sha256:caaf8b8de1684f96e26b28f3c29189db5c89cce4b73e1c93d86164f66ef88637
    .agents/skills/grill-me/agents/openai.yaml: sha256:c061e39c3e0f9d865fb1b97556d485704af2a8a58f4b8221a8917a5c2074a32b
    .claude/skills/grill-me/SKILL.md: sha256:caaf8b8de1684f96e26b28f3c29189db5c89cce4b73e1c93d86164f66ef88637
    .claude/skills/grill-me/agents/openai.yaml: sha256:c061e39c3e0f9d865fb1b97556d485704af2a8a58f4b8221a8917a5c2074a32b
  content_hash: sha256:fe33aaa8e8dcd606107b1bfe3109f257b4a7e0f4907afd6506b62ccfb73cd1d3
- repo_url: mattpocock/skills
  name: grilling
  host: github.com
  resolved_commit: 5b15a47f2d7150f545fbcacbfe381787fc0230dc
  version: unknown
  virtual_path: skills/productivity/grilling
  is_virtual: true
  package_type: claude_skill
  deployed_files:
  - .agents/skills/grilling
  - .agents/skills/grilling/SKILL.md
  - .agents/skills/grilling/agents/openai.yaml
  - .claude/skills/grilling
  - .claude/skills/grilling/SKILL.md
  - .claude/skills/grilling/agents/openai.yaml
  deployed_file_hashes:
    .agents/skills/grilling/SKILL.md: sha256:10ff989e7498b23b5acb49d5048f11dcd906757d2f79c5cdf8a00001381296f2
    .agents/skills/grilling/agents/openai.yaml: sha256:1411d7df7d99b7e621a1ff8283c8133cc2464be63d064e52d8ce169c6800ee9b
    .claude/skills/grilling/SKILL.md: sha256:10ff989e7498b23b5acb49d5048f11dcd906757d2f79c5cdf8a00001381296f2
    .claude/skills/grilling/agents/openai.yaml: sha256:1411d7df7d99b7e621a1ff8283c8133cc2464be63d064e52d8ce169c6800ee9b
  content_hash: sha256:e98f109bca3d8889f673d9f32bf84086f85a70ff9e241f8a34a4560a07ab5a39
- repo_url: obra/superpowers
  name: test-driven-development
  host: github.com
  resolved_commit: b36e0829c6d0140e93cfef2ca599b1b07d4a7797
  version: unknown
  virtual_path: skills/test-driven-development
  is_virtual: true
  package_type: claude_skill
  deployed_files:
  - .agents/skills/test-driven-development
  - .agents/skills/test-driven-development/SKILL.md
  - .agents/skills/test-driven-development/writing-good-tests.md
  - .claude/skills/test-driven-development
  - .claude/skills/test-driven-development/SKILL.md
  - .claude/skills/test-driven-development/writing-good-tests.md
  deployed_file_hashes:
    .agents/skills/test-driven-development/SKILL.md: sha256:bf1b8216e523851a411e91d429a7c1c2a173e79d88957bc78e348218d50edd54
    .agents/skills/test-driven-development/writing-good-tests.md: sha256:51471c853306ff92ca8bb41dcaea05f31c0e46b03651f8f3c99754b7172f4ae1
    .claude/skills/test-driven-development/SKILL.md: sha256:bf1b8216e523851a411e91d429a7c1c2a173e79d88957bc78e348218d50edd54
    .claude/skills/test-driven-development/writing-good-tests.md: sha256:51471c853306ff92ca8bb41dcaea05f31c0e46b03651f8f3c99754b7172f4ae1
  content_hash: sha256:a4126a9c5f17be3c228aa9e5755898ade283448b86099f56f40852e8c14532be
deployments:
- kind: project-relative
  target: agents
  value: .agents/skills/commit-only
  runtime: null
  scope: project
  owners:
  - .
  active_owner: .
  content_hash: null
- kind: project-relative
  target: agents
  value: .agents/skills/commit-only/SKILL.md
  runtime: null
  scope: project
  owners:
  - .
  active_owner: .
  content_hash: sha256:29c7ec0777dd6d7fbe56649df961935168a07f4f131746337f01f127a60d1d1b
- kind: project-relative
  target: agents
  value: .agents/skills/commit-only/reference.md
  runtime: null
  scope: project
  owners:
  - .
  active_owner: .
  content_hash: sha256:8500b1098b337bb80e2751c37c2bc723f2c5af7ccbade2d5639dc7b10d14e039
- kind: project-relative
  target: agents
  value: .agents/skills/commit-push
  runtime: null
  scope: project
  owners:
  - .
  active_owner: .
  content_hash: null
- kind: project-relative
  target: agents
  value: .agents/skills/commit-push-pr
  runtime: null
  scope: project
  owners:
  - .
  active_owner: .
  content_hash: null
- kind: project-relative
  target: agents
  value: .agents/skills/commit-push-pr/SKILL.md
  runtime: null
  scope: project
  owners:
  - .
  active_owner: .
  content_hash: sha256:36e8b010144096e1088426ab3d50ff10a8c9418dacd28f54bbbfccda40792b2f
- kind: project-relative
  target: agents
  value: .agents/skills/commit-push-pr/delivery-reference.md
  runtime: null
  scope: project
  owners:
  - .
  active_owner: .
  content_hash: sha256:5b7ae49254644eb35a06f3425b4f0ea4d0a7e89e52ffd060c034cd9125fdfde0
- kind: project-relative
  target: agents
  value: .agents/skills/commit-push-pr/reference.md
  runtime: null
  scope: project
  owners:
  - .
  active_owner: .
  content_hash: sha256:801c331799b514d6cdb1f173cd951629379e6c8158e596aed88d89c324b57328
- kind: project-relative
  target: agents
  value: .agents/skills/commit-push/SKILL.md
  runtime: null
  scope: project
  owners:
  - .
  active_owner: .
  content_hash: sha256:8aed89908ff87bb03a818e06f73e1deb36fd379a74770e162476ce04e64e8ad3
- kind: project-relative
  target: agents
  value: .agents/skills/commit-push/reference.md
  runtime: null
  scope: project
  owners:
  - .
  active_owner: .
  content_hash: sha256:8500b1098b337bb80e2751c37c2bc723f2c5af7ccbade2d5639dc7b10d14e039
- kind: project-relative
  target: agents
  value: .agents/skills/implementation-workflow
  runtime: null
  scope: project
  owners:
  - .
  active_owner: .
  content_hash: null
- kind: project-relative
  target: agents
  value: .agents/skills/implementation-workflow/README.md
  runtime: null
  scope: project
  owners:
  - .
  active_owner: .
  content_hash: sha256:69d89b2bc726b50365d2c3a403e2940106b035e8374c37cb40c14861fb9605ee
- kind: project-relative
  target: agents
  value: .agents/skills/implementation-workflow/SKILL.md
  runtime: null
  scope: project
  owners:
  - .
  active_owner: .
  content_hash: sha256:67e9184a862bf268db8d084caee98dd5e252796212898f0f47d623a10a4ede8c
- kind: project-relative
  target: agents
  value: .agents/skills/implementation-workflow/references/completion-report.md
  runtime: null
  scope: project
  owners:
  - .
  active_owner: .
  content_hash: sha256:1389a72a881ace7ee77d739aac3d48d5ed7836ffdac99693fe46e4a4b3fd92ee
- kind: project-relative
  target: agents
  value: .agents/skills/implementation-workflow/references/decision-check.md
  runtime: null
  scope: project
  owners:
  - .
  active_owner: .
  content_hash: sha256:7b4881545a2a2561eb94b83ccaa144e5fbe44ce7d417d108c8fda1e20a413e5f
- kind: project-relative
  target: agents
  value: .agents/skills/implementation-workflow/references/github-issue-workflow.md
  runtime: null
  scope: project
  owners:
  - .
  active_owner: .
  content_hash: sha256:cad30ea3448a20cb1fd87e6a225b52c377a78c5ae0f55eb5b761c83f91de56c5
- kind: project-relative
  target: agents
  value: .agents/skills/implementation-workflow/references/implementation-plan.md
  runtime: null
  scope: project
  owners:
  - .
  active_owner: .
  content_hash: sha256:0b86e70a007abdf93ae863e1c948129bd50fa52aa4f30dfb0da1d9fa272cd411
- kind: project-relative
  target: agents
  value: .agents/skills/implementation-workflow/references/okf-documentation.md
  runtime: null
  scope: project
  owners:
  - .
  active_owner: .
  content_hash: sha256:1a2426ec8f90be53a2e88b8e25336e217b37fbe31104b249f95d5945a800decf
- kind: project-relative
  target: agents
  value: .agents/skills/implementation-workflow/references/release-note.md
  runtime: null
  scope: project
  owners:
  - .
  active_owner: .
  content_hash: sha256:4262658516cc32a071f2d8e45de9acde7ad7efd2ac431f9cb8af11137a54e5ea
- kind: project-relative
  target: agents
  value: .agents/skills/implementation-workflow/references/review-and-compliance.md
  runtime: null
  scope: project
  owners:
  - .
  active_owner: .
  content_hash: sha256:7dc8cbd3834bbf6dfe10f23d984088f48e1ed82a6a7becbd4c6554334989ac9e
- kind: project-relative
  target: agents
  value: .agents/skills/implementation-workflow/references/session-handoff.md
  runtime: null
  scope: project
  owners:
  - .
  active_owner: .
  content_hash: sha256:1d39428948884fe8311772292f4fb31fc83e090dbaa1e81575bfd683288c1c17
- kind: project-relative
  target: agents
  value: .agents/skills/implementation-workflow/references/verification.md
  runtime: null
  scope: project
  owners:
  - .
  active_owner: .
  content_hash: sha256:607a13de277127d15f99faa1543db01d814184eb283f12f9553cbeb960db02f9
- kind: project-relative
  target: agents
  value: .agents/skills/mcp-server-engineering
  runtime: null
  scope: project
  owners:
  - .
  active_owner: .
  content_hash: null
- kind: project-relative
  target: agents
  value: .agents/skills/mcp-server-engineering/README.md
  runtime: null
  scope: project
  owners:
  - .
  active_owner: .
  content_hash: sha256:c580ab8a79cf4c1594c395bd17e40408cd967043a276248b491290201444062a
- kind: project-relative
  target: agents
  value: .agents/skills/mcp-server-engineering/SKILL.md
  runtime: null
  scope: project
  owners:
  - .
  active_owner: .
  content_hash: sha256:49e6ac5e707108f0819bc32cb489ffc21331665cfa78bf8fba4e559f2d368906
- kind: project-relative
  target: agents
  value: .agents/skills/mcp-server-engineering/references/mcp-completion-checklist.md
  runtime: null
  scope: project
  owners:
  - .
  active_owner: .
  content_hash: sha256:f3e0d91c8972a097d2ac0553c37a046934871199af76177bafa6fd78d9a476b0
- kind: project-relative
  target: agents
  value: .agents/skills/mcp-server-engineering/references/security-and-authorization.md
  runtime: null
  scope: project
  owners:
  - .
  active_owner: .
  content_hash: sha256:bb07c6ee645880e7e86aea169bb4303c95b74a363fdca0cb233c4073640be749
- kind: project-relative
  target: agents
  value: .agents/skills/mcp-server-engineering/references/testing-and-observability.md
  runtime: null
  scope: project
  owners:
  - .
  active_owner: .
  content_hash: sha256:da108cefee83682a1c5e29404b71c3cd03aa8bbb8d01d9f9e6065a6d4374ca3b
- kind: project-relative
  target: agents
  value: .agents/skills/mcp-server-engineering/references/tool-design.md
  runtime: null
  scope: project
  owners:
  - .
  active_owner: .
  content_hash: sha256:3c97c8bc6b33894c0c7a295130267ff0efb349fa91fbc49f38d701fcdbfb3a5f
- kind: project-relative
  target: agents
  value: .agents/skills/mcp-server-engineering/references/transport-and-state.md
  runtime: null
  scope: project
  owners:
  - .
  active_owner: .
  content_hash: sha256:c8f16b6b7b0689b7d5c510698494eb51f098010fc6a63c83515e820e8000fe61
- kind: project-relative
  target: agents
  value: .agents/skills/mcp-server-engineering/references/version-and-sources.md
  runtime: null
  scope: project
  owners:
  - .
  active_owner: .
  content_hash: sha256:c51988bef125533ebbba276d93c1f1a538f49de01d44e61fac1199f96c7b0370
- kind: project-relative
  target: agents
  value: .agents/skills/project-verification
  runtime: null
  scope: project
  owners:
  - .
  active_owner: .
  content_hash: null
- kind: project-relative
  target: agents
  value: .agents/skills/project-verification/SKILL.md
  runtime: null
  scope: project
  owners:
  - .
  active_owner: .
  content_hash: sha256:a4ef62c1de5936a8b7a49605611d9e56f26a7fe3a7c300ef3d19a11c42198123
- kind: project-relative
  target: agents
  value: .agents/skills/project-verification/references/ci-matrix.md
  runtime: null
  scope: project
  owners:
  - .
  active_owner: .
  content_hash: sha256:756dda292c62fa2a976a8ef09e2b5b5c6e90e5e037ce02433fe683e824951387
- kind: project-relative
  target: agents
  value: .agents/skills/project-verification/references/ingest-validation.md
  runtime: null
  scope: project
  owners:
  - .
  active_owner: .
  content_hash: sha256:0973be051ac1250594e998320024703b510c6f8d34d1b52815f14a60e71e7903
- kind: project-relative
  target: agents
  value: .agents/skills/project-verification/references/local-stack.md
  runtime: null
  scope: project
  owners:
  - .
  active_owner: .
  content_hash: sha256:d2d2f65c3741d2cfacf4448ec1cd931eb93575cf9600abc000c7021ea88321a2
- kind: project-relative
  target: agents
  value: .agents/skills/project-verification/references/trace-validation.md
  runtime: null
  scope: project
  owners:
  - .
  active_owner: .
  content_hash: sha256:93dcb185cd56cb13fbabd23025808dcc0aa7c0e180226bcfff012101b1e3adc3
- kind: project-relative
  target: agents
  value: .agents/skills/test-strategy
  runtime: null
  scope: project
  owners:
  - .
  active_owner: .
  content_hash: null
- kind: project-relative
  target: agents
  value: .agents/skills/test-strategy/SKILL.md
  runtime: null
  scope: project
  owners:
  - .
  active_owner: .
  content_hash: sha256:e2029f36c3a501190df45aa8ac7b7c659012926d14ff7a094cc3d6b212c0beee
- kind: project-relative
  target: claude
  value: .claude/agents/review.md
  runtime: null
  scope: project
  owners:
  - .
  active_owner: .
  content_hash: sha256:7852f29f8e3d4375286399249011b5553306907685728b0d4953614c345c563c
- kind: project-relative
  target: claude
  value: .claude/skills/commit-only
  runtime: null
  scope: project
  owners:
  - .
  active_owner: .
  content_hash: null
- kind: project-relative
  target: claude
  value: .claude/skills/commit-only/SKILL.md
  runtime: null
  scope: project
  owners:
  - .
  active_owner: .
  content_hash: sha256:29c7ec0777dd6d7fbe56649df961935168a07f4f131746337f01f127a60d1d1b
- kind: project-relative
  target: claude
  value: .claude/skills/commit-only/reference.md
  runtime: null
  scope: project
  owners:
  - .
  active_owner: .
  content_hash: sha256:8500b1098b337bb80e2751c37c2bc723f2c5af7ccbade2d5639dc7b10d14e039
- kind: project-relative
  target: claude
  value: .claude/skills/commit-push
  runtime: null
  scope: project
  owners:
  - .
  active_owner: .
  content_hash: null
- kind: project-relative
  target: claude
  value: .claude/skills/commit-push-pr
  runtime: null
  scope: project
  owners:
  - .
  active_owner: .
  content_hash: null
- kind: project-relative
  target: claude
  value: .claude/skills/commit-push-pr/SKILL.md
  runtime: null
  scope: project
  owners:
  - .
  active_owner: .
  content_hash: sha256:36e8b010144096e1088426ab3d50ff10a8c9418dacd28f54bbbfccda40792b2f
- kind: project-relative
  target: claude
  value: .claude/skills/commit-push-pr/delivery-reference.md
  runtime: null
  scope: project
  owners:
  - .
  active_owner: .
  content_hash: sha256:5b7ae49254644eb35a06f3425b4f0ea4d0a7e89e52ffd060c034cd9125fdfde0
- kind: project-relative
  target: claude
  value: .claude/skills/commit-push-pr/reference.md
  runtime: null
  scope: project
  owners:
  - .
  active_owner: .
  content_hash: sha256:801c331799b514d6cdb1f173cd951629379e6c8158e596aed88d89c324b57328
- kind: project-relative
  target: claude
  value: .claude/skills/commit-push/SKILL.md
  runtime: null
  scope: project
  owners:
  - .
  active_owner: .
  content_hash: sha256:8aed89908ff87bb03a818e06f73e1deb36fd379a74770e162476ce04e64e8ad3
- kind: project-relative
  target: claude
  value: .claude/skills/commit-push/reference.md
  runtime: null
  scope: project
  owners:
  - .
  active_owner: .
  content_hash: sha256:8500b1098b337bb80e2751c37c2bc723f2c5af7ccbade2d5639dc7b10d14e039
- kind: project-relative
  target: claude
  value: .claude/skills/gh
  runtime: null
  scope: project
  owners:
  - cli/cli/skills/gh
  active_owner: cli/cli/skills/gh
  content_hash: null
- kind: project-relative
  target: claude
  value: .claude/skills/gh/SKILL.md
  runtime: null
  scope: project
  owners:
  - cli/cli/skills/gh
  active_owner: cli/cli/skills/gh
  content_hash: sha256:cb3e3035ccade36b9e8a6c0a384f9d607c9954bd242d4c8097251b8b1e4c4985
- kind: project-relative
  target: claude
  value: .claude/skills/grill-me
  runtime: null
  scope: project
  owners:
  - mattpocock/skills/skills/productivity/grill-me
  active_owner: mattpocock/skills/skills/productivity/grill-me
  content_hash: null
- kind: project-relative
  target: claude
  value: .claude/skills/grill-me/SKILL.md
  runtime: null
  scope: project
  owners:
  - mattpocock/skills/skills/productivity/grill-me
  active_owner: mattpocock/skills/skills/productivity/grill-me
  content_hash: sha256:caaf8b8de1684f96e26b28f3c29189db5c89cce4b73e1c93d86164f66ef88637
- kind: project-relative
  target: claude
  value: .claude/skills/grill-me/agents/openai.yaml
  runtime: null
  scope: project
  owners:
  - mattpocock/skills/skills/productivity/grill-me
  active_owner: mattpocock/skills/skills/productivity/grill-me
  content_hash: sha256:c061e39c3e0f9d865fb1b97556d485704af2a8a58f4b8221a8917a5c2074a32b
- kind: project-relative
  target: claude
  value: .claude/skills/grilling
  runtime: null
  scope: project
  owners:
  - mattpocock/skills/skills/productivity/grilling
  active_owner: mattpocock/skills/skills/productivity/grilling
  content_hash: null
- kind: project-relative
  target: claude
  value: .claude/skills/grilling/SKILL.md
  runtime: null
  scope: project
  owners:
  - mattpocock/skills/skills/productivity/grilling
  active_owner: mattpocock/skills/skills/productivity/grilling
  content_hash: sha256:10ff989e7498b23b5acb49d5048f11dcd906757d2f79c5cdf8a00001381296f2
- kind: project-relative
  target: claude
  value: .claude/skills/grilling/agents/openai.yaml
  runtime: null
  scope: project
  owners:
  - mattpocock/skills/skills/productivity/grilling
  active_owner: mattpocock/skills/skills/productivity/grilling
  content_hash: sha256:1411d7df7d99b7e621a1ff8283c8133cc2464be63d064e52d8ce169c6800ee9b
- kind: project-relative
  target: claude
  value: .claude/skills/implementation-workflow
  runtime: null
  scope: project
  owners:
  - .
  active_owner: .
  content_hash: null
- kind: project-relative
  target: claude
  value: .claude/skills/implementation-workflow/README.md
  runtime: null
  scope: project
  owners:
  - .
  active_owner: .
  content_hash: sha256:69d89b2bc726b50365d2c3a403e2940106b035e8374c37cb40c14861fb9605ee
- kind: project-relative
  target: claude
  value: .claude/skills/implementation-workflow/SKILL.md
  runtime: null
  scope: project
  owners:
  - .
  active_owner: .
  content_hash: sha256:67e9184a862bf268db8d084caee98dd5e252796212898f0f47d623a10a4ede8c
- kind: project-relative
  target: claude
  value: .claude/skills/implementation-workflow/references/completion-report.md
  runtime: null
  scope: project
  owners:
  - .
  active_owner: .
  content_hash: sha256:1389a72a881ace7ee77d739aac3d48d5ed7836ffdac99693fe46e4a4b3fd92ee
- kind: project-relative
  target: claude
  value: .claude/skills/implementation-workflow/references/decision-check.md
  runtime: null
  scope: project
  owners:
  - .
  active_owner: .
  content_hash: sha256:7b4881545a2a2561eb94b83ccaa144e5fbe44ce7d417d108c8fda1e20a413e5f
- kind: project-relative
  target: claude
  value: .claude/skills/implementation-workflow/references/github-issue-workflow.md
  runtime: null
  scope: project
  owners:
  - .
  active_owner: .
  content_hash: sha256:cad30ea3448a20cb1fd87e6a225b52c377a78c5ae0f55eb5b761c83f91de56c5
- kind: project-relative
  target: claude
  value: .claude/skills/implementation-workflow/references/implementation-plan.md
  runtime: null
  scope: project
  owners:
  - .
  active_owner: .
  content_hash: sha256:0b86e70a007abdf93ae863e1c948129bd50fa52aa4f30dfb0da1d9fa272cd411
- kind: project-relative
  target: claude
  value: .claude/skills/implementation-workflow/references/okf-documentation.md
  runtime: null
  scope: project
  owners:
  - .
  active_owner: .
  content_hash: sha256:1a2426ec8f90be53a2e88b8e25336e217b37fbe31104b249f95d5945a800decf
- kind: project-relative
  target: claude
  value: .claude/skills/implementation-workflow/references/release-note.md
  runtime: null
  scope: project
  owners:
  - .
  active_owner: .
  content_hash: sha256:4262658516cc32a071f2d8e45de9acde7ad7efd2ac431f9cb8af11137a54e5ea
- kind: project-relative
  target: claude
  value: .claude/skills/implementation-workflow/references/review-and-compliance.md
  runtime: null
  scope: project
  owners:
  - .
  active_owner: .
  content_hash: sha256:7dc8cbd3834bbf6dfe10f23d984088f48e1ed82a6a7becbd4c6554334989ac9e
- kind: project-relative
  target: claude
  value: .claude/skills/implementation-workflow/references/session-handoff.md
  runtime: null
  scope: project
  owners:
  - .
  active_owner: .
  content_hash: sha256:1d39428948884fe8311772292f4fb31fc83e090dbaa1e81575bfd683288c1c17
- kind: project-relative
  target: claude
  value: .claude/skills/implementation-workflow/references/verification.md
  runtime: null
  scope: project
  owners:
  - .
  active_owner: .
  content_hash: sha256:607a13de277127d15f99faa1543db01d814184eb283f12f9553cbeb960db02f9
- kind: project-relative
  target: claude
  value: .claude/skills/mcp-server-engineering
  runtime: null
  scope: project
  owners:
  - .
  active_owner: .
  content_hash: null
- kind: project-relative
  target: claude
  value: .claude/skills/mcp-server-engineering/README.md
  runtime: null
  scope: project
  owners:
  - .
  active_owner: .
  content_hash: sha256:c580ab8a79cf4c1594c395bd17e40408cd967043a276248b491290201444062a
- kind: project-relative
  target: claude
  value: .claude/skills/mcp-server-engineering/SKILL.md
  runtime: null
  scope: project
  owners:
  - .
  active_owner: .
  content_hash: sha256:49e6ac5e707108f0819bc32cb489ffc21331665cfa78bf8fba4e559f2d368906
- kind: project-relative
  target: claude
  value: .claude/skills/mcp-server-engineering/references/mcp-completion-checklist.md
  runtime: null
  scope: project
  owners:
  - .
  active_owner: .
  content_hash: sha256:f3e0d91c8972a097d2ac0553c37a046934871199af76177bafa6fd78d9a476b0
- kind: project-relative
  target: claude
  value: .claude/skills/mcp-server-engineering/references/security-and-authorization.md
  runtime: null
  scope: project
  owners:
  - .
  active_owner: .
  content_hash: sha256:bb07c6ee645880e7e86aea169bb4303c95b74a363fdca0cb233c4073640be749
- kind: project-relative
  target: claude
  value: .claude/skills/mcp-server-engineering/references/testing-and-observability.md
  runtime: null
  scope: project
  owners:
  - .
  active_owner: .
  content_hash: sha256:da108cefee83682a1c5e29404b71c3cd03aa8bbb8d01d9f9e6065a6d4374ca3b
- kind: project-relative
  target: claude
  value: .claude/skills/mcp-server-engineering/references/tool-design.md
  runtime: null
  scope: project
  owners:
  - .
  active_owner: .
  content_hash: sha256:3c97c8bc6b33894c0c7a295130267ff0efb349fa91fbc49f38d701fcdbfb3a5f
- kind: project-relative
  target: claude
  value: .claude/skills/mcp-server-engineering/references/transport-and-state.md
  runtime: null
  scope: project
  owners:
  - .
  active_owner: .
  content_hash: sha256:c8f16b6b7b0689b7d5c510698494eb51f098010fc6a63c83515e820e8000fe61
- kind: project-relative
  target: claude
  value: .claude/skills/mcp-server-engineering/references/version-and-sources.md
  runtime: null
  scope: project
  owners:
  - .
  active_owner: .
  content_hash: sha256:c51988bef125533ebbba276d93c1f1a538f49de01d44e61fac1199f96c7b0370
- kind: project-relative
  target: claude
  value: .claude/skills/ponytail
  runtime: null
  scope: project
  owners:
  - dietrichgebert/ponytail/skills/ponytail
  active_owner: dietrichgebert/ponytail/skills/ponytail
  content_hash: null
- kind: project-relative
  target: claude
  value: .claude/skills/ponytail/SKILL.md
  runtime: null
  scope: project
  owners:
  - dietrichgebert/ponytail/skills/ponytail
  active_owner: dietrichgebert/ponytail/skills/ponytail
  content_hash: sha256:1316a2f3f95741d2300b116fe0c2d81ce4a9568656ed0a62643f54aaf09957f2
- kind: project-relative
  target: claude
  value: .claude/skills/project-verification
  runtime: null
  scope: project
  owners:
  - .
  active_owner: .
  content_hash: null
- kind: project-relative
  target: claude
  value: .claude/skills/project-verification/SKILL.md
  runtime: null
  scope: project
  owners:
  - .
  active_owner: .
  content_hash: sha256:a4ef62c1de5936a8b7a49605611d9e56f26a7fe3a7c300ef3d19a11c42198123
- kind: project-relative
  target: claude
  value: .claude/skills/project-verification/references/ci-matrix.md
  runtime: null
  scope: project
  owners:
  - .
  active_owner: .
  content_hash: sha256:756dda292c62fa2a976a8ef09e2b5b5c6e90e5e037ce02433fe683e824951387
- kind: project-relative
  target: claude
  value: .claude/skills/project-verification/references/ingest-validation.md
  runtime: null
  scope: project
  owners:
  - .
  active_owner: .
  content_hash: sha256:0973be051ac1250594e998320024703b510c6f8d34d1b52815f14a60e71e7903
- kind: project-relative
  target: claude
  value: .claude/skills/project-verification/references/local-stack.md
  runtime: null
  scope: project
  owners:
  - .
  active_owner: .
  content_hash: sha256:d2d2f65c3741d2cfacf4448ec1cd931eb93575cf9600abc000c7021ea88321a2
- kind: project-relative
  target: claude
  value: .claude/skills/project-verification/references/trace-validation.md
  runtime: null
  scope: project
  owners:
  - .
  active_owner: .
  content_hash: sha256:93dcb185cd56cb13fbabd23025808dcc0aa7c0e180226bcfff012101b1e3adc3
- kind: project-relative
  target: claude
  value: .claude/skills/test-driven-development
  runtime: null
  scope: project
  owners:
  - obra/superpowers/skills/test-driven-development
  active_owner: obra/superpowers/skills/test-driven-development
  content_hash: null
- kind: project-relative
  target: claude
  value: .claude/skills/test-driven-development/SKILL.md
  runtime: null
  scope: project
  owners:
  - obra/superpowers/skills/test-driven-development
  active_owner: obra/superpowers/skills/test-driven-development
  content_hash: sha256:bf1b8216e523851a411e91d429a7c1c2a173e79d88957bc78e348218d50edd54
- kind: project-relative
  target: claude
  value: .claude/skills/test-driven-development/writing-good-tests.md
  runtime: null
  scope: project
  owners:
  - obra/superpowers/skills/test-driven-development
  active_owner: obra/superpowers/skills/test-driven-development
  content_hash: sha256:51471c853306ff92ca8bb41dcaea05f31c0e46b03651f8f3c99754b7172f4ae1
- kind: project-relative
  target: claude
  value: .claude/skills/test-strategy
  runtime: null
  scope: project
  owners:
  - .
  active_owner: .
  content_hash: null
- kind: project-relative
  target: claude
  value: .claude/skills/test-strategy/SKILL.md
  runtime: null
  scope: project
  owners:
  - .
  active_owner: .
  content_hash: sha256:e2029f36c3a501190df45aa8ac7b7c659012926d14ff7a094cc3d6b212c0beee
- kind: project-relative
  target: codex
  value: .agents/skills/gh
  runtime: null
  scope: project
  owners:
  - cli/cli/skills/gh
  active_owner: cli/cli/skills/gh
  content_hash: null
- kind: project-relative
  target: codex
  value: .agents/skills/gh/SKILL.md
  runtime: null
  scope: project
  owners:
  - cli/cli/skills/gh
  active_owner: cli/cli/skills/gh
  content_hash: sha256:cb3e3035ccade36b9e8a6c0a384f9d607c9954bd242d4c8097251b8b1e4c4985
- kind: project-relative
  target: codex
  value: .agents/skills/grill-me
  runtime: null
  scope: project
  owners:
  - mattpocock/skills/skills/productivity/grill-me
  active_owner: mattpocock/skills/skills/productivity/grill-me
  content_hash: null
- kind: project-relative
  target: codex
  value: .agents/skills/grill-me/SKILL.md
  runtime: null
  scope: project
  owners:
  - mattpocock/skills/skills/productivity/grill-me
  active_owner: mattpocock/skills/skills/productivity/grill-me
  content_hash: sha256:caaf8b8de1684f96e26b28f3c29189db5c89cce4b73e1c93d86164f66ef88637
- kind: project-relative
  target: codex
  value: .agents/skills/grill-me/agents/openai.yaml
  runtime: null
  scope: project
  owners:
  - mattpocock/skills/skills/productivity/grill-me
  active_owner: mattpocock/skills/skills/productivity/grill-me
  content_hash: sha256:c061e39c3e0f9d865fb1b97556d485704af2a8a58f4b8221a8917a5c2074a32b
- kind: project-relative
  target: codex
  value: .agents/skills/grilling
  runtime: null
  scope: project
  owners:
  - mattpocock/skills/skills/productivity/grilling
  active_owner: mattpocock/skills/skills/productivity/grilling
  content_hash: null
- kind: project-relative
  target: codex
  value: .agents/skills/grilling/SKILL.md
  runtime: null
  scope: project
  owners:
  - mattpocock/skills/skills/productivity/grilling
  active_owner: mattpocock/skills/skills/productivity/grilling
  content_hash: sha256:10ff989e7498b23b5acb49d5048f11dcd906757d2f79c5cdf8a00001381296f2
- kind: project-relative
  target: codex
  value: .agents/skills/grilling/agents/openai.yaml
  runtime: null
  scope: project
  owners:
  - mattpocock/skills/skills/productivity/grilling
  active_owner: mattpocock/skills/skills/productivity/grilling
  content_hash: sha256:1411d7df7d99b7e621a1ff8283c8133cc2464be63d064e52d8ce169c6800ee9b
- kind: project-relative
  target: codex
  value: .agents/skills/ponytail
  runtime: null
  scope: project
  owners:
  - dietrichgebert/ponytail/skills/ponytail
  active_owner: dietrichgebert/ponytail/skills/ponytail
  content_hash: null
- kind: project-relative
  target: codex
  value: .agents/skills/ponytail/SKILL.md
  runtime: null
  scope: project
  owners:
  - dietrichgebert/ponytail/skills/ponytail
  active_owner: dietrichgebert/ponytail/skills/ponytail
  content_hash: sha256:1316a2f3f95741d2300b116fe0c2d81ce4a9568656ed0a62643f54aaf09957f2
- kind: project-relative
  target: codex
  value: .agents/skills/test-driven-development
  runtime: null
  scope: project
  owners:
  - obra/superpowers/skills/test-driven-development
  active_owner: obra/superpowers/skills/test-driven-development
  content_hash: null
- kind: project-relative
  target: codex
  value: .agents/skills/test-driven-development/SKILL.md
  runtime: null
  scope: project
  owners:
  - obra/superpowers/skills/test-driven-development
  active_owner: obra/superpowers/skills/test-driven-development
  content_hash: sha256:bf1b8216e523851a411e91d429a7c1c2a173e79d88957bc78e348218d50edd54
- kind: project-relative
  target: codex
  value: .agents/skills/test-driven-development/writing-good-tests.md
  runtime: null
  scope: project
  owners:
  - obra/superpowers/skills/test-driven-development
  active_owner: obra/superpowers/skills/test-driven-development
  content_hash: sha256:51471c853306ff92ca8bb41dcaea05f31c0e46b03651f8f3c99754b7172f4ae1
- kind: project-relative
  target: codex
  value: .codex/agents/review.toml
  runtime: null
  scope: project
  owners:
  - .
  active_owner: .
  content_hash: sha256:896ba89506678a7c31d31155587d3c9e3dd652270ba66e4e63fe73deb7c80210
- kind: project-relative
  target: cursor
  value: .cursor/agents/review.md
  runtime: null
  scope: project
  owners:
  - .
  active_owner: .
  content_hash: sha256:7852f29f8e3d4375286399249011b5553306907685728b0d4953614c345c563c
- kind: uri
  target: mcp
  value: awslabs.aws-documentation-mcp-server
  runtime: claude
  scope: project
  owners:
  - .
  active_owner: .
  content_hash: null
- kind: uri
  target: mcp
  value: terraform
  runtime: claude
  scope: project
  owners:
  - .
  active_owner: .
  content_hash: null
- kind: uri
  target: mcp
  value: awslabs.aws-documentation-mcp-server
  runtime: codex
  scope: project
  owners:
  - .
  active_owner: .
  content_hash: null
- kind: uri
  target: mcp
  value: terraform
  runtime: codex
  scope: project
  owners:
  - .
  active_owner: .
  content_hash: null
- kind: uri
  target: mcp
  value: awslabs.aws-documentation-mcp-server
  runtime: cursor
  scope: project
  owners:
  - .
  active_owner: .
  content_hash: null
- kind: uri
  target: mcp
  value: terraform
  runtime: cursor
  scope: project
  owners:
  - .
  active_owner: .
  content_hash: null
mcp_servers:
- awslabs.aws-documentation-mcp-server
- terraform
mcp_configs:
  awslabs.aws-documentation-mcp-server:
    name: awslabs.aws-documentation-mcp-server
    transport: stdio
    env:
      FASTMCP_LOG_LEVEL: ERROR
      AWS_DOCUMENTATION_PARTITION: aws
      MCP_USER_AGENT: Mozilla/5.0 (Windows NT 10.0; Win64; x64) AppleWebKit/537.36
        (KHTML, like Gecko) Chrome/131.0.0.0 Safari/537.36
    args:
    - awslabs.aws-documentation-mcp-server@latest
    registry: false
    command: uvx
  terraform:
    name: terraform
    transport: stdio
    args:
    - run
    - -i
    - --rm
    - hashicorp/terraform-mcp-server:1.2.0
    registry: false
    command: docker
mcp_target_servers:
  claude:
  - awslabs.aws-documentation-mcp-server
  - terraform
  codex:
  - awslabs.aws-documentation-mcp-server
  - terraform
  cursor:
  - awslabs.aws-documentation-mcp-server
  - terraform
local_deployed_files:
- .agents/skills/commit-only
- .agents/skills/commit-only/SKILL.md
- .agents/skills/commit-only/reference.md
- .agents/skills/commit-push
- .agents/skills/commit-push-pr
- .agents/skills/commit-push-pr/SKILL.md
- .agents/skills/commit-push-pr/delivery-reference.md
- .agents/skills/commit-push-pr/reference.md
- .agents/skills/commit-push/SKILL.md
- .agents/skills/commit-push/reference.md
- .agents/skills/implementation-workflow
- .agents/skills/implementation-workflow/README.md
- .agents/skills/implementation-workflow/SKILL.md
- .agents/skills/implementation-workflow/references/completion-report.md
- .agents/skills/implementation-workflow/references/decision-check.md
- .agents/skills/implementation-workflow/references/github-issue-workflow.md
- .agents/skills/implementation-workflow/references/implementation-plan.md
- .agents/skills/implementation-workflow/references/okf-documentation.md
- .agents/skills/implementation-workflow/references/release-note.md
- .agents/skills/implementation-workflow/references/review-and-compliance.md
- .agents/skills/implementation-workflow/references/session-handoff.md
- .agents/skills/implementation-workflow/references/verification.md
- .agents/skills/mcp-server-engineering
- .agents/skills/mcp-server-engineering/README.md
- .agents/skills/mcp-server-engineering/SKILL.md
- .agents/skills/mcp-server-engineering/references/mcp-completion-checklist.md
- .agents/skills/mcp-server-engineering/references/security-and-authorization.md
- .agents/skills/mcp-server-engineering/references/testing-and-observability.md
- .agents/skills/mcp-server-engineering/references/tool-design.md
- .agents/skills/mcp-server-engineering/references/transport-and-state.md
- .agents/skills/mcp-server-engineering/references/version-and-sources.md
- .agents/skills/project-verification
- .agents/skills/project-verification/SKILL.md
- .agents/skills/project-verification/references/ci-matrix.md
- .agents/skills/project-verification/references/ingest-validation.md
- .agents/skills/project-verification/references/local-stack.md
- .agents/skills/project-verification/references/trace-validation.md
- .agents/skills/test-strategy
- .agents/skills/test-strategy/SKILL.md
- .claude/agents/review.md
- .claude/skills/commit-only
- .claude/skills/commit-only/SKILL.md
- .claude/skills/commit-only/reference.md
- .claude/skills/commit-push
- .claude/skills/commit-push-pr
- .claude/skills/commit-push-pr/SKILL.md
- .claude/skills/commit-push-pr/delivery-reference.md
- .claude/skills/commit-push-pr/reference.md
- .claude/skills/commit-push/SKILL.md
- .claude/skills/commit-push/reference.md
- .claude/skills/implementation-workflow
- .claude/skills/implementation-workflow/README.md
- .claude/skills/implementation-workflow/SKILL.md
- .claude/skills/implementation-workflow/references/completion-report.md
- .claude/skills/implementation-workflow/references/decision-check.md
- .claude/skills/implementation-workflow/references/github-issue-workflow.md
- .claude/skills/implementation-workflow/references/implementation-plan.md
- .claude/skills/implementation-workflow/references/okf-documentation.md
- .claude/skills/implementation-workflow/references/release-note.md
- .claude/skills/implementation-workflow/references/review-and-compliance.md
- .claude/skills/implementation-workflow/references/session-handoff.md
- .claude/skills/implementation-workflow/references/verification.md
- .claude/skills/mcp-server-engineering
- .claude/skills/mcp-server-engineering/README.md
- .claude/skills/mcp-server-engineering/SKILL.md
- .claude/skills/mcp-server-engineering/references/mcp-completion-checklist.md
- .claude/skills/mcp-server-engineering/references/security-and-authorization.md
- .claude/skills/mcp-server-engineering/references/testing-and-observability.md
- .claude/skills/mcp-server-engineering/references/tool-design.md
- .claude/skills/mcp-server-engineering/references/transport-and-state.md
- .claude/skills/mcp-server-engineering/references/version-and-sources.md
- .claude/skills/project-verification
- .claude/skills/project-verification/SKILL.md
- .claude/skills/project-verification/references/ci-matrix.md
- .claude/skills/project-verification/references/ingest-validation.md
- .claude/skills/project-verification/references/local-stack.md
- .claude/skills/project-verification/references/trace-validation.md
- .claude/skills/test-strategy
- .claude/skills/test-strategy/SKILL.md
- .codex/agents/review.toml
- .cursor/agents/review.md
local_deployed_file_hashes:
  .agents/skills/commit-only/SKILL.md: sha256:29c7ec0777dd6d7fbe56649df961935168a07f4f131746337f01f127a60d1d1b
  .agents/skills/commit-only/reference.md: sha256:8500b1098b337bb80e2751c37c2bc723f2c5af7ccbade2d5639dc7b10d14e039
  .agents/skills/commit-push-pr/SKILL.md: sha256:36e8b010144096e1088426ab3d50ff10a8c9418dacd28f54bbbfccda40792b2f
  .agents/skills/commit-push-pr/delivery-reference.md: sha256:5b7ae49254644eb35a06f3425b4f0ea4d0a7e89e52ffd060c034cd9125fdfde0
  .agents/skills/commit-push-pr/reference.md: sha256:801c331799b514d6cdb1f173cd951629379e6c8158e596aed88d89c324b57328
  .agents/skills/commit-push/SKILL.md: sha256:8aed89908ff87bb03a818e06f73e1deb36fd379a74770e162476ce04e64e8ad3
  .agents/skills/commit-push/reference.md: sha256:8500b1098b337bb80e2751c37c2bc723f2c5af7ccbade2d5639dc7b10d14e039
  .agents/skills/implementation-workflow/README.md: sha256:69d89b2bc726b50365d2c3a403e2940106b035e8374c37cb40c14861fb9605ee
  .agents/skills/implementation-workflow/SKILL.md: sha256:67e9184a862bf268db8d084caee98dd5e252796212898f0f47d623a10a4ede8c
  .agents/skills/implementation-workflow/references/completion-report.md: sha256:1389a72a881ace7ee77d739aac3d48d5ed7836ffdac99693fe46e4a4b3fd92ee
  .agents/skills/implementation-workflow/references/decision-check.md: sha256:7b4881545a2a2561eb94b83ccaa144e5fbe44ce7d417d108c8fda1e20a413e5f
  .agents/skills/implementation-workflow/references/github-issue-workflow.md: sha256:cad30ea3448a20cb1fd87e6a225b52c377a78c5ae0f55eb5b761c83f91de56c5
  .agents/skills/implementation-workflow/references/implementation-plan.md: sha256:0b86e70a007abdf93ae863e1c948129bd50fa52aa4f30dfb0da1d9fa272cd411
  .agents/skills/implementation-workflow/references/okf-documentation.md: sha256:1a2426ec8f90be53a2e88b8e25336e217b37fbe31104b249f95d5945a800decf
  .agents/skills/implementation-workflow/references/release-note.md: sha256:4262658516cc32a071f2d8e45de9acde7ad7efd2ac431f9cb8af11137a54e5ea
  .agents/skills/implementation-workflow/references/review-and-compliance.md: sha256:7dc8cbd3834bbf6dfe10f23d984088f48e1ed82a6a7becbd4c6554334989ac9e
  .agents/skills/implementation-workflow/references/session-handoff.md: sha256:1d39428948884fe8311772292f4fb31fc83e090dbaa1e81575bfd683288c1c17
  .agents/skills/implementation-workflow/references/verification.md: sha256:607a13de277127d15f99faa1543db01d814184eb283f12f9553cbeb960db02f9
  .agents/skills/mcp-server-engineering/README.md: sha256:c580ab8a79cf4c1594c395bd17e40408cd967043a276248b491290201444062a
  .agents/skills/mcp-server-engineering/SKILL.md: sha256:49e6ac5e707108f0819bc32cb489ffc21331665cfa78bf8fba4e559f2d368906
  .agents/skills/mcp-server-engineering/references/mcp-completion-checklist.md: sha256:f3e0d91c8972a097d2ac0553c37a046934871199af76177bafa6fd78d9a476b0
  .agents/skills/mcp-server-engineering/references/security-and-authorization.md: sha256:bb07c6ee645880e7e86aea169bb4303c95b74a363fdca0cb233c4073640be749
  .agents/skills/mcp-server-engineering/references/testing-and-observability.md: sha256:da108cefee83682a1c5e29404b71c3cd03aa8bbb8d01d9f9e6065a6d4374ca3b
  .agents/skills/mcp-server-engineering/references/tool-design.md: sha256:3c97c8bc6b33894c0c7a295130267ff0efb349fa91fbc49f38d701fcdbfb3a5f
  .agents/skills/mcp-server-engineering/references/transport-and-state.md: sha256:c8f16b6b7b0689b7d5c510698494eb51f098010fc6a63c83515e820e8000fe61
  .agents/skills/mcp-server-engineering/references/version-and-sources.md: sha256:c51988bef125533ebbba276d93c1f1a538f49de01d44e61fac1199f96c7b0370
  .agents/skills/project-verification/SKILL.md: sha256:a4ef62c1de5936a8b7a49605611d9e56f26a7fe3a7c300ef3d19a11c42198123
  .agents/skills/project-verification/references/ci-matrix.md: sha256:756dda292c62fa2a976a8ef09e2b5b5c6e90e5e037ce02433fe683e824951387
  .agents/skills/project-verification/references/ingest-validation.md: sha256:0973be051ac1250594e998320024703b510c6f8d34d1b52815f14a60e71e7903
  .agents/skills/project-verification/references/local-stack.md: sha256:d2d2f65c3741d2cfacf4448ec1cd931eb93575cf9600abc000c7021ea88321a2
  .agents/skills/project-verification/references/trace-validation.md: sha256:93dcb185cd56cb13fbabd23025808dcc0aa7c0e180226bcfff012101b1e3adc3
  .agents/skills/test-strategy/SKILL.md: sha256:e2029f36c3a501190df45aa8ac7b7c659012926d14ff7a094cc3d6b212c0beee
  .claude/agents/review.md: sha256:7852f29f8e3d4375286399249011b5553306907685728b0d4953614c345c563c
  .claude/skills/commit-only/SKILL.md: sha256:29c7ec0777dd6d7fbe56649df961935168a07f4f131746337f01f127a60d1d1b
  .claude/skills/commit-only/reference.md: sha256:8500b1098b337bb80e2751c37c2bc723f2c5af7ccbade2d5639dc7b10d14e039
  .claude/skills/commit-push-pr/SKILL.md: sha256:36e8b010144096e1088426ab3d50ff10a8c9418dacd28f54bbbfccda40792b2f
  .claude/skills/commit-push-pr/delivery-reference.md: sha256:5b7ae49254644eb35a06f3425b4f0ea4d0a7e89e52ffd060c034cd9125fdfde0
  .claude/skills/commit-push-pr/reference.md: sha256:801c331799b514d6cdb1f173cd951629379e6c8158e596aed88d89c324b57328
  .claude/skills/commit-push/SKILL.md: sha256:8aed89908ff87bb03a818e06f73e1deb36fd379a74770e162476ce04e64e8ad3
  .claude/skills/commit-push/reference.md: sha256:8500b1098b337bb80e2751c37c2bc723f2c5af7ccbade2d5639dc7b10d14e039
  .claude/skills/implementation-workflow/README.md: sha256:69d89b2bc726b50365d2c3a403e2940106b035e8374c37cb40c14861fb9605ee
  .claude/skills/implementation-workflow/SKILL.md: sha256:67e9184a862bf268db8d084caee98dd5e252796212898f0f47d623a10a4ede8c
  .claude/skills/implementation-workflow/references/completion-report.md: sha256:1389a72a881ace7ee77d739aac3d48d5ed7836ffdac99693fe46e4a4b3fd92ee
  .claude/skills/implementation-workflow/references/decision-check.md: sha256:7b4881545a2a2561eb94b83ccaa144e5fbe44ce7d417d108c8fda1e20a413e5f
  .claude/skills/implementation-workflow/references/github-issue-workflow.md: sha256:cad30ea3448a20cb1fd87e6a225b52c377a78c5ae0f55eb5b761c83f91de56c5
  .claude/skills/implementation-workflow/references/implementation-plan.md: sha256:0b86e70a007abdf93ae863e1c948129bd50fa52aa4f30dfb0da1d9fa272cd411
  .claude/skills/implementation-workflow/references/okf-documentation.md: sha256:1a2426ec8f90be53a2e88b8e25336e217b37fbe31104b249f95d5945a800decf
  .claude/skills/implementation-workflow/references/release-note.md: sha256:4262658516cc32a071f2d8e45de9acde7ad7efd2ac431f9cb8af11137a54e5ea
  .claude/skills/implementation-workflow/references/review-and-compliance.md: sha256:7dc8cbd3834bbf6dfe10f23d984088f48e1ed82a6a7becbd4c6554334989ac9e
  .claude/skills/implementation-workflow/references/session-handoff.md: sha256:1d39428948884fe8311772292f4fb31fc83e090dbaa1e81575bfd683288c1c17
  .claude/skills/implementation-workflow/references/verification.md: sha256:607a13de277127d15f99faa1543db01d814184eb283f12f9553cbeb960db02f9
  .claude/skills/mcp-server-engineering/README.md: sha256:c580ab8a79cf4c1594c395bd17e40408cd967043a276248b491290201444062a
  .claude/skills/mcp-server-engineering/SKILL.md: sha256:49e6ac5e707108f0819bc32cb489ffc21331665cfa78bf8fba4e559f2d368906
  .claude/skills/mcp-server-engineering/references/mcp-completion-checklist.md: sha256:f3e0d91c8972a097d2ac0553c37a046934871199af76177bafa6fd78d9a476b0
  .claude/skills/mcp-server-engineering/references/security-and-authorization.md: sha256:bb07c6ee645880e7e86aea169bb4303c95b74a363fdca0cb233c4073640be749
  .claude/skills/mcp-server-engineering/references/testing-and-observability.md: sha256:da108cefee83682a1c5e29404b71c3cd03aa8bbb8d01d9f9e6065a6d4374ca3b
  .claude/skills/mcp-server-engineering/references/tool-design.md: sha256:3c97c8bc6b33894c0c7a295130267ff0efb349fa91fbc49f38d701fcdbfb3a5f
  .claude/skills/mcp-server-engineering/references/transport-and-state.md: sha256:c8f16b6b7b0689b7d5c510698494eb51f098010fc6a63c83515e820e8000fe61
  .claude/skills/mcp-server-engineering/references/version-and-sources.md: sha256:c51988bef125533ebbba276d93c1f1a538f49de01d44e61fac1199f96c7b0370
  .claude/skills/project-verification/SKILL.md: sha256:a4ef62c1de5936a8b7a49605611d9e56f26a7fe3a7c300ef3d19a11c42198123
  .claude/skills/project-verification/references/ci-matrix.md: sha256:756dda292c62fa2a976a8ef09e2b5b5c6e90e5e037ce02433fe683e824951387
  .claude/skills/project-verification/references/ingest-validation.md: sha256:0973be051ac1250594e998320024703b510c6f8d34d1b52815f14a60e71e7903
  .claude/skills/project-verification/references/local-stack.md: sha256:d2d2f65c3741d2cfacf4448ec1cd931eb93575cf9600abc000c7021ea88321a2
  .claude/skills/project-verification/references/trace-validation.md: sha256:93dcb185cd56cb13fbabd23025808dcc0aa7c0e180226bcfff012101b1e3adc3
  .claude/skills/test-strategy/SKILL.md: sha256:e2029f36c3a501190df45aa8ac7b7c659012926d14ff7a094cc3d6b212c0beee
  .codex/agents/review.toml: sha256:896ba89506678a7c31d31155587d3c9e3dd652270ba66e4e63fe73deb7c80210
  .cursor/agents/review.md: sha256:7852f29f8e3d4375286399249011b5553306907685728b0d4953614c345c563c
